
Microsoft Visual Studio Solution File, Format Version 12.00
# Visual Studio 2013
VisualStudioVersion = 12.0.40629.0
MinimumVisualStudioVersion = 10.0.40219.1
Project("{FAE04EC0-301F-11D3-BF4B-00C04F79EFBC}") = "ClientWPF", "ClientWPF\ClientWPF.csproj", "{1735D77E-FE6B-4EE9-8176-D1D5515DCCC2}"
EndProject
Project("{FAE04EC0-301F-11D3-BF4B-00C04F79EFBC}") = "Server", "Server\Server.csproj", "{562B6626-45EE-4950-953E-2FB2CBF3DC99}"
EndProject
Project("{FAE04EC0-301F-11D3-BF4B-00C04F79EFBC}") = "ServerFunctions", "ServerFunctions\ServerFunctions.csproj", "{7E723D74-3EDB-4E96-BB46-FC50C1CF3336}"
EndProject
Project("{FAE04EC0-301F-11D3-BF4B-00C04F79EFBC}") = "Models", "Models\Models.csproj", "{FF4B5EA5-ECE0-4F1F-8052-F02ACFE16CE2}"
EndProject
Project("{F088123C-0E9E-452A-89E6-6BA2F21D5CAC}") = "ModelingProject1", "ModelingProject1\ModelingProject1.modelproj", "{1D776D02-C482-4F02-9E4C-3D78BE4E75CE}"
EndProject
Global
	GlobalSection(SolutionConfigurationPlatforms) = preSolution
		Debug|Any CPU = Debug|Any CPU
		Release|Any CPU = Release|Any CPU
	EndGlobalSection
	GlobalSection(ProjectConfigurationPlatforms) = postSolution
		{1735D77E-FE6B-4EE9-8176-D1D5515DCCC2}.Debug|Any CPU.ActiveCfg = Debug|Any CPU
		{1735D77E-FE6B-4EE9-8176-D1D5515DCCC2}.Debug|Any CPU.Build.0 = Debug|Any CPU
		{1735D77E-FE6B-4EE9-8176-D1D5515DCCC2}.Release|Any CPU.ActiveCfg = Release|Any CPU
		{1735D77E-FE6B-4EE9-8176-D1D5515DCCC2}.Release|Any CPU.Build.0 = Release|Any CPU
		{562B6626-45EE-4950-953E-2FB2CBF3DC99}.Debug|Any CPU.ActiveCfg = Debug|Any CPU
		{562B6626-45EE-4950-953E-2FB2CBF3DC99}.Debug|Any CPU.Build.0 = Debug|Any CPU
		{562B6626-45EE-4950-953E-2FB2CBF3DC99}.Release|Any CPU.ActiveCfg = Release|Any CPU
		{562B6626-45EE-4950-953E-2FB2CBF3DC99}.Release|Any CPU.Build.0 = Release|Any CPU
		{7E723D74-3EDB-4E96-BB46-FC50C1CF3336}.Debug|Any CPU.ActiveCfg = Debug|Any CPU
		{7E723D74-3EDB-4E96-BB46-FC50C1CF3336}.Debug|Any CPU.Build.0 = Debug|Any CPU
		{7E723D74-3EDB-4E96-BB46-FC50C1CF3336}.Release|Any CPU.ActiveCfg = Release|Any CPU
		{7E723D74-3EDB-4E96-BB46-FC50C1CF3336}.Release|Any CPU.Build.0 = Release|Any CPU
		{FF4B5EA5-ECE0-4F1F-8052-F02ACFE16CE2}.Debug|Any CPU.ActiveCfg = Debug|Any CPU
		{FF4B5EA5-ECE0-4F1F-8052-F02ACFE16CE2}.Debug|Any CPU.Build.0 = Debug|Any CPU
		{FF4B5EA5-ECE0-4F1F-8052-F02ACFE16CE2}.Release|Any CPU.ActiveCfg = Release|Any CPU
		{FF4B5EA5-ECE0-4F1F-8052-F02ACFE16CE2}.Release|Any CPU.Build.0 = Release|Any CPU
		{1D776D02-C482-4F02-9E4C-3D78BE4E75CE}.Debug|Any CPU.ActiveCfg = Debug|Any CPU
		{1D776D02-C482-4F02-9E4C-3D78BE4E75CE}.Debug|Any CPU.Build.0 = Debug|Any CPU
		{1D776D02-C482-4F02-9E4C-3D78BE4E75CE}.Release|Any CPU.ActiveCfg = Release|Any CPU
		{1D776D02-C482-4F02-9E4C-3D78BE4E75CE}.Release|Any CPU.Build.0 = Release|Any CPU
	EndGlobalSection
	GlobalSection(SolutionProperties) = preSolution
		HideSolutionNode = FALSE
	EndGlobalSection
EndGlobal
